
Microsoft Visual Studio Solution File, Format Version 12.00
# Visual Studio 15
Project("{FAE04EC0-301F-11D3-BF4B-00C04F79EFBC}") = "websocketsinitial", "websocketsinitial\websocketsinitial.csproj", "{3DA27D6D-7438-4B58-A682-7417673F5591}"
EndProject
Global
	GlobalSection(SolutionConfigurationPlatforms) = preSolution
		Debug|Any CPU = Debug|Any CPU
		Release|Any CPU = Release|Any CPU
	EndGlobalSection
	GlobalSection(ProjectConfigurationPlatforms) = postSolution
		{3DA27D6D-7438-4B58-A682-7417673F5591}.Debug|Any CPU.ActiveCfg = Debug|Any CPU
		{3DA27D6D-7438-4B58-A682-7417673F5591}.Debug|Any CPU.Build.0 = Debug|Any CPU
		{3DA27D6D-7438-4B58-A682-7417673F5591}.Release|Any CPU.ActiveCfg = Release|Any CPU
		{3DA27D6D-7438-4B58-A682-7417673F5591}.Release|Any CPU.Build.0 = Release|Any CPU
	EndGlobalSection
EndGlobal
